
Microsoft Visual Studio Solution File, Format Version 12.00
# Visual Studio Version 16
VisualStudioVersion = 16.0.30225.117
MinimumVisualStudioVersion = 10.0.40219.1
Project("{FAE04EC0-301F-11D3-BF4B-00C04F79EFBC}") = "RSAGuiApp", "RSAGuiApp.csproj", "{3D2F8B24-9EA3-4D25-9524-0BC417236271}"
EndProject
Global
	GlobalSection(SolutionConfigurationPlatforms) = preSolution
		Debug|Any CPU = Debug|Any CPU
		Release|Any CPU = Release|Any CPU
	EndGlobalSection
	GlobalSection(ProjectConfigurationPlatforms) = postSolution
		{3D2F8B24-9EA3-4D25-9524-0BC417236271}.Debug|Any CPU.ActiveCfg = Debug|Any CPU
		{3D2F8B24-9EA3-4D25-9524-0BC417236271}.Debug|Any CPU.Build.0 = Debug|Any CPU
		{3D2F8B24-9EA3-4D25-9524-0BC417236271}.Release|Any CPU.ActiveCfg = Release|Any CPU
		{3D2F8B24-9EA3-4D25-9524-0BC417236271}.Release|Any CPU.Build.0 = Release|Any CPU
	EndGlobalSection
	GlobalSection(SolutionProperties) = preSolution
		HideSolutionNode = FALSE
	EndGlobalSection
	GlobalSection(ExtensibilityGlobals) = postSolution
		SolutionGuid = {B93DCC6A-E58F-42CF-8AE8-57443A1E44C5}
	EndGlobalSection
EndGlobal
